// !$*UTF8*$!
{
	archiveVersion = 1;
	classes = {
	};
	objectVersion = 52;
	objects = {

/* Begin PBXBuildFile section */
		FF1A8C0523AE4D700012CD08 /* LyricView.swift in Sources */ = {isa = PBXBuildFile; fileRef = FF1A8C0423AE4D700012CD08 /* LyricView.swift */; };
		FF1A8C0723AE57A20012CD08 /* LyricsFetcher.swift in Sources */ = {isa = PBXBuildFile; fileRef = FF1A8C0623AE57A20012CD08 /* LyricsFetcher.swift */; };
		FF1A8C0A23AE5A2D0012CD08 /* SwiftSoup in Frameworks */ = {isa = PBXBuildFile; productRef = FF1A8C0923AE5A2D0012CD08 /* SwiftSoup */; };
		FF1D4C73239A298F00C42D14 /* CustomImageView.swift in Sources */ = {isa = PBXBuildFile; fileRef = FF1D4C72239A298F00C42D14 /* CustomImageView.swift */; };
		FF1D4C75239A2A1700C42D14 /* CustomButton.swift in Sources */ = {isa = PBXBuildFile; fileRef = FF1D4C74239A2A1700C42D14 /* CustomButton.swift */; };
		FF1D4C7A239A2AEF00C42D14 /* SongCardViewTextModifier.swift in Sources */ = {isa = PBXBuildFile; fileRef = FF1D4C79239A2AEF00C42D14 /* SongCardViewTextModifier.swift */; };
		FF35B2AB2396DB7000409149 /* ImageLoader.swift in Sources */ = {isa = PBXBuildFile; fileRef = FF35B2AA2396DB7000409149 /* ImageLoader.swift */; };
		FF9A7C8E236B50450078BEE6 /* AppDelegate.swift in Sources */ = {isa = PBXBuildFile; fileRef = FF9A7C8D236B50450078BEE6 /* AppDelegate.swift */; };
		FF9A7C90236B50450078BEE6 /* SceneDelegate.swift in Sources */ = {isa = PBXBuildFile; fileRef = FF9A7C8F236B50450078BEE6 /* SceneDelegate.swift */; };
		FF9A7C93236B50450078BEE6 /* MusicX.xcdatamodeld in Sources */ = {isa = PBXBuildFile; fileRef = FF9A7C91236B50450078BEE6 /* MusicX.xcdatamodeld */; };
		FF9A7C95236B50450078BEE6 /* ContentView.swift in Sources */ = {isa = PBXBuildFile; fileRef = FF9A7C94236B50450078BEE6 /* ContentView.swift */; };
		FF9A7C97236B504B0078BEE6 /* Assets.xcassets in Resources */ = {isa = PBXBuildFile; fileRef = FF9A7C96236B504B0078BEE6 /* Assets.xcassets */; };
		FF9A7C9A236B504B0078BEE6 /* Preview Assets.xcassets in Resources */ = {isa = PBXBuildFile; fileRef = FF9A7C99236B504B0078BEE6 /* Preview Assets.xcassets */; };
		FF9A7C9D236B504B0078BEE6 /* LaunchScreen.storyboard in Resources */ = {isa = PBXBuildFile; fileRef = FF9A7C9B236B504B0078BEE6 /* LaunchScreen.storyboard */; };
		FF9A7CA5236B56CC0078BEE6 /* SearchView.swift in Sources */ = {isa = PBXBuildFile; fileRef = FF9A7CA4236B56CC0078BEE6 /* SearchView.swift */; };
		FFB3D20D237C9C7500BCC9C8 /* GeniusAPIModel.swift in Sources */ = {isa = PBXBuildFile; fileRef = FFB3D20C237C9C7500BCC9C8 /* GeniusAPIModel.swift */; };
		FFB3D20F237C9F7900BCC9C8 /* NetworkManager.swift in Sources */ = {isa = PBXBuildFile; fileRef = FFB3D20E237C9F7900BCC9C8 /* NetworkManager.swift */; };
/* End PBXBuildFile section */

/* Begin PBXFileReference section */
		FF1A8C0423AE4D700012CD08 /* LyricView.swift */ = {isa = PBXFileReference; lastKnownFileType = sourcecode.swift; path = LyricView.swift; sourceTree = "<group>"; };
		FF1A8C0623AE57A20012CD08 /* LyricsFetcher.swift */ = {isa = PBXFileReference; lastKnownFileType = sourcecode.swift; path = LyricsFetcher.swift; sourceTree = "<group>"; };
		FF1D4C72239A298F00C42D14 /* CustomImageView.swift */ = {isa = PBXFileReference; lastKnownFileType = sourcecode.swift; path = CustomImageView.swift; sourceTree = "<group>"; };
		FF1D4C74239A2A1700C42D14 /* CustomButton.swift */ = {isa = PBXFileReference; lastKnownFileType = sourcecode.swift; path = CustomButton.swift; sourceTree = "<group>"; };
		FF1D4C79239A2AEF00C42D14 /* SongCardViewTextModifier.swift */ = {isa = PBXFileReference; lastKnownFileType = sourcecode.swift; path = SongCardViewTextModifier.swift; sourceTree = "<group>"; };
		FF35B2AA2396DB7000409149 /* ImageLoader.swift */ = {isa = PBXFileReference; lastKnownFileType = sourcecode.swift; path = ImageLoader.swift; sourceTree = "<group>"; };
		FF9A7C8A236B50450078BEE6 /* MusicX.app */ = {isa = PBXFileReference; explicitFileType = wrapper.application; includeInIndex = 0; path = MusicX.app; sourceTree = BUILT_PRODUCTS_DIR; };
		FF9A7C8D236B50450078BEE6 /* AppDelegate.swift */ = {isa = PBXFileReference; lastKnownFileType = sourcecode.swift; path = AppDelegate.swift; sourceTree = "<group>"; };
		FF9A7C8F236B50450078BEE6 /* SceneDelegate.swift */ = {isa = PBXFileReference; lastKnownFileType = sourcecode.swift; path = SceneDelegate.swift; sourceTree = "<group>"; };
		FF9A7C92236B50450078BEE6 /* MusicX.xcdatamodel */ = {isa = PBXFileReference; lastKnownFileType = wrapper.xcdatamodel; path = MusicX.xcdatamodel; sourceTree = "<group>"; };
		FF9A7C94236B50450078BEE6 /* ContentView.swift */ = {isa = PBXFileReference; lastKnownFileType = sourcecode.swift; path = ContentView.swift; sourceTree = "<group>"; };
		FF9A7C96236B504B0078BEE6 /* Assets.xcassets */ = {isa = PBXFileReference; lastKnownFileType = folder.assetcatalog; path = Assets.xcassets; sourceTree = "<group>"; };
		FF9A7C99236B504B0078BEE6 /* Preview Assets.xcassets */ = {isa = PBXFileReference; lastKnownFileType = folder.assetcatalog; path = "Preview Assets.xcassets"; sourceTree = "<group>"; };
		FF9A7C9C236B504B0078BEE6 /* Base */ = {isa = PBXFileReference; lastKnownFileType = file.storyboard; name = Base; path = Base.lproj/LaunchScreen.storyboard; sourceTree = "<group>"; };
		FF9A7C9E236B504B0078BEE6 /* Info.plist */ = {isa = PBXFileReference; lastKnownFileType = text.plist.xml; path = Info.plist; sourceTree = "<group>"; };
		FF9A7CA4236B56CC0078BEE6 /* SearchView.swift */ = {isa = PBXFileReference; lastKnownFileType = sourcecode.swift; path = SearchView.swift; sourceTree = "<group>"; };
		FFB3D20C237C9C7500BCC9C8 /* GeniusAPIModel.swift */ = {isa = PBXFileReference; lastKnownFileType = sourcecode.swift; path = GeniusAPIModel.swift; sourceTree = "<group>"; };
		FFB3D20E237C9F7900BCC9C8 /* NetworkManager.swift */ = {isa = PBXFileReference; lastKnownFileType = sourcecode.swift; path = NetworkManager.swift; sourceTree = "<group>"; };
/* End PBXFileReference section */

/* Begin PBXFrameworksBuildPhase section */
		FF9A7C87236B50450078BEE6 /* Frameworks */ = {
			isa = PBXFrameworksBuildPhase;
			buildActionMask = 2147483647;
			files = (
				FF1A8C0A23AE5A2D0012CD08 /* SwiftSoup in Frameworks */,
			);
			runOnlyForDeploymentPostprocessing = 0;
		};
/* End PBXFrameworksBuildPhase section */

/* Begin PBXGroup section */
		FF1D4C71239A297900C42D14 /* CustomViews */ = {
			isa = PBXGroup;
			children = (
				FF1D4C72239A298F00C42D14 /* CustomImageView.swift */,
				FF1D4C74239A2A1700C42D14 /* CustomButton.swift */,
			);
			path = CustomViews;
			sourceTree = "<group>";
		};
		FF1D4C78239A2AAE00C42D14 /* Modifiers */ = {
			isa = PBXGroup;
			children = (
				FF1D4C79239A2AEF00C42D14 /* SongCardViewTextModifier.swift */,
			);
			path = Modifiers;
			sourceTree = "<group>";
		};
		FF9A7C81236B50450078BEE6 = {
			isa = PBXGroup;
			children = (
				FF9A7C8C236B50450078BEE6 /* MusicX */,
				FF9A7C8B236B50450078BEE6 /* Products */,
			);
			sourceTree = "<group>";
		};
		FF9A7C8B236B50450078BEE6 /* Products */ = {
			isa = PBXGroup;
			children = (
				FF9A7C8A236B50450078BEE6 /* MusicX.app */,
			);
			name = Products;
			sourceTree = "<group>";
		};
		FF9A7C8C236B50450078BEE6 /* MusicX */ = {
			isa = PBXGroup;
			children = (
				FF9A7C8D236B50450078BEE6 /* AppDelegate.swift */,
				FF9A7C8F236B50450078BEE6 /* SceneDelegate.swift */,
				FF9A7C94236B50450078BEE6 /* ContentView.swift */,
				FF9A7CA4236B56CC0078BEE6 /* SearchView.swift */,
				FF1A8C0423AE4D700012CD08 /* LyricView.swift */,
				FF1D4C71239A297900C42D14 /* CustomViews */,
				FF1D4C78239A2AAE00C42D14 /* Modifiers */,
				FFB3D20B237C9C1600BCC9C8 /* models */,
				FFEBD6DE237A89B8003B139A /* Services */,
				FF9A7C96236B504B0078BEE6 /* Assets.xcassets */,
				FF9A7C9B236B504B0078BEE6 /* LaunchScreen.storyboard */,
				FF9A7C9E236B504B0078BEE6 /* Info.plist */,
				FF9A7C91236B50450078BEE6 /* MusicX.xcdatamodeld */,
				FF9A7C98236B504B0078BEE6 /* Preview Content */,
			);
			path = MusicX;
			sourceTree = "<group>";
		};
		FF9A7C98236B504B0078BEE6 /* Preview Content */ = {
			isa = PBXGroup;
			children = (
				FF9A7C99236B504B0078BEE6 /* Preview Assets.xcassets */,
			);
			path = "Preview Content";
			sourceTree = "<group>";
		};
		FFB3D20B237C9C1600BCC9C8 /* models */ = {
			isa = PBXGroup;
			children = (
				FFB3D20C237C9C7500BCC9C8 /* GeniusAPIModel.swift */,
			);
			name = models;
			path = "New Group";
			sourceTree = "<group>";
		};
		FFEBD6DE237A89B8003B139A /* Services */ = {
			isa = PBXGroup;
			children = (
				FFB3D20E237C9F7900BCC9C8 /* NetworkManager.swift */,
				FF35B2AA2396DB7000409149 /* ImageLoader.swift */,
				FF1A8C0623AE57A20012CD08 /* LyricsFetcher.swift */,
			);
			path = Services;
			sourceTree = "<group>";
		};
/* End PBXGroup section */

/* Begin PBXNativeTarget section */
		FF9A7C89236B50450078BEE6 /* MusicX */ = {
			isa = PBXNativeTarget;
			buildConfigurationList = FF9A7CA1236B504B0078BEE6 /* Build configuration list for PBXNativeTarget "MusicX" */;
			buildPhases = (
				FF9A7C86236B50450078BEE6 /* Sources */,
				FF9A7C87236B50450078BEE6 /* Frameworks */,
				FF9A7C88236B50450078BEE6 /* Resources */,
			);
			buildRules = (
			);
			dependencies = (
			);
			name = MusicX;
			packageProductDependencies = (
				FF1A8C0923AE5A2D0012CD08 /* SwiftSoup */,
			);
			productName = MusicX;
			productReference = FF9A7C8A236B50450078BEE6 /* MusicX.app */;
			productType = "com.apple.product-type.application";
		};
/* End PBXNativeTarget section */

/* Begin PBXProject section */
		FF9A7C82236B50450078BEE6 /* Project object */ = {
			isa = PBXProject;
			attributes = {
				LastSwiftUpdateCheck = 1110;
				LastUpgradeCheck = 1110;
				ORGANIZATIONNAME = Atheer;
				TargetAttributes = {
					FF9A7C89236B50450078BEE6 = {
						CreatedOnToolsVersion = 11.1;
					};
				};
			};
			buildConfigurationList = FF9A7C85236B50450078BEE6 /* Build configuration list for PBXProject "MusicX" */;
			compatibilityVersion = "Xcode 9.3";
			developmentRegion = en;
			hasScannedForEncodings = 0;
			knownRegions = (
				en,
				Base,
			);
			mainGroup = FF9A7C81236B50450078BEE6;
			packageReferences = (
				FF1A8C0823AE5A2C0012CD08 /* XCRemoteSwiftPackageReference "SwiftSoup" */,
			);
			productRefGroup = FF9A7C8B236B50450078BEE6 /* Products */;
			projectDirPath = "";
			projectRoot = "";
			targets = (
				FF9A7C89236B50450078BEE6 /* MusicX */,
			);
		};
/* End PBXProject section */

/* Begin PBXResourcesBuildPhase section */
		FF9A7C88236B50450078BEE6 /* Resources */ = {
			isa = PBXResourcesBuildPhase;
			buildActionMask = 2147483647;
			files = (
				FF9A7C9D236B504B0078BEE6 /* LaunchScreen.storyboard in Resources */,
				FF9A7C9A236B504B0078BEE6 /* Preview Assets.xcassets in Resources */,
				FF9A7C97236B504B0078BEE6 /* Assets.xcassets in Resources */,
			);
			runOnlyForDeploymentPostprocessing = 0;
		};
/* End PBXResourcesBuildPhase section */

/* Begin PBXSourcesBuildPhase section */
		FF9A7C86236B50450078BEE6 /* Sources */ = {
			isa = PBXSourcesBuildPhase;
			buildActionMask = 2147483647;
			files = (
				FF9A7CA5236B56CC0078BEE6 /* SearchView.swift in Sources */,
				FF1A8C0723AE57A20012CD08 /* LyricsFetcher.swift in Sources */,
				FF1D4C73239A298F00C42D14 /* CustomImageView.swift in Sources */,
				FF9A7C8E236B50450078BEE6 /* AppDelegate.swift in Sources */,
				FF9A7C90236B50450078BEE6 /* SceneDelegate.swift in Sources */,
				FF1A8C0523AE4D700012CD08 /* LyricView.swift in Sources */,
				FF1D4C75239A2A1700C42D14 /* CustomButton.swift in Sources */,
				FFB3D20F237C9F7900BCC9C8 /* NetworkManager.swift in Sources */,
				FFB3D20D237C9C7500BCC9C8 /* GeniusAPIModel.swift in Sources */,
				FF9A7C95236B50450078BEE6 /* ContentView.swift in Sources */,
				FF35B2AB2396DB7000409149 /* ImageLoader.swift in Sources */,
				FF9A7C93236B50450078BEE6 /* MusicX.xcdatamodeld in Sources */,
				FF1D4C7A239A2AEF00C42D14 /* SongCardViewTextModifier.swift in Sources */,
			);
			runOnlyForDeploymentPostprocessing = 0;
		};
/* End PBXSourcesBuildPhase section */

/* Begin PBXVariantGroup section */
		FF9A7C9B236B504B0078BEE6 /* LaunchScreen.storyboard */ = {
			isa = PBXVariantGroup;
			children = (
				FF9A7C9C236B504B0078BEE6 /* Base */,
			);
			name = LaunchScreen.storyboard;
			sourceTree = "<group>";
		};
/* End PBXVariantGroup section */

/* Begin XCBuildConfiguration section */
		FF9A7C9F236B504B0078BEE6 /* Debug */ = {
			isa = XCBuildConfiguration;
			buildSettings = {
				ALWAYS_SEARCH_USER_PATHS = NO;
				CLANG_ANALYZER_NONNULL = YES;
				CLANG_ANALYZER_NUMBER_OBJECT_CONVERSION = YES_AGGRESSIVE;
				CLANG_CXX_LANGUAGE_STANDARD = "gnu++14";
				CLANG_CXX_LIBRARY = "libc++";
				CLANG_ENABLE_MODULES = YES;
				CLANG_ENABLE_OBJC_ARC = YES;
				CLANG_ENABLE_OBJC_WEAK = YES;
				CLANG_WARN_BLOCK_CAPTURE_AUTORELEASING = YES;
				CLANG_WARN_BOOL_CONVERSION = YES;
				CLANG_WARN_COMMA = YES;
				CLANG_WARN_CONSTANT_CONVERSION = YES;
				CLANG_WARN_DEPRECATED_OBJC_IMPLEMENTATIONS = YES;
				CLANG_WARN_DIRECT_OBJC_ISA_USAGE = YES_ERROR;
				CLANG_WARN_DOCUMENTATION_COMMENTS = YES;
				CLANG_WARN_EMPTY_BODY = YES;
				CLANG_WARN_ENUM_CONVERSION = YES;
				CLANG_WARN_INFINITE_RECURSION = YES;
				CLANG_WARN_INT_CONVERSION = YES;
				CLANG_WARN_NON_LITERAL_NULL_CONVERSION = YES;
				CLANG_WARN_OBJC_IMPLICIT_RETAIN_SELF = YES;
				CLANG_WARN_OBJC_LITERAL_CONVERSION = YES;
				CLANG_WARN_OBJC_ROOT_CLASS = YES_ERROR;
				CLANG_WARN_RANGE_LOOP_ANALYSIS = YES;
				CLANG_WARN_STRICT_PROTOTYPES = YES;
				CLANG_WARN_SUSPICIOUS_MOVE = YES;
				CLANG_WARN_UNGUARDED_AVAILABILITY = YES_AGGRESSIVE;
				CLANG_WARN_UNREACHABLE_CODE = YES;
				CLANG_WARN__DUPLICATE_METHOD_MATCH = YES;
				COPY_PHASE_STRIP = NO;
				DEBUG_INFORMATION_FORMAT = dwarf;
				ENABLE_STRICT_OBJC_MSGSEND = YES;
				ENABLE_TESTABILITY = YES;
				GCC_C_LANGUAGE_STANDARD = gnu11;
				GCC_DYNAMIC_NO_PIC = NO;
				GCC_NO_COMMON_BLOCKS = YES;
				GCC_OPTIMIZATION_LEVEL = 0;
				GCC_PREPROCESSOR_DEFINITIONS = (
					"DEBUG=1",
					"$(inherited)",
				);
				GCC_WARN_64_TO_32_BIT_CONVERSION = YES;
				GCC_WARN_ABOUT_RETURN_TYPE = YES_ERROR;
				GCC_WARN_UNDECLARED_SELECTOR = YES;
				GCC_WARN_UNINITIALIZED_AUTOS = YES_AGGRESSIVE;
				GCC_WARN_UNUSED_FUNCTION = YES;
				GCC_WARN_UNUSED_VARIABLE = YES;
				IPHONEOS_DEPLOYMENT_TARGET = 13.1;
				MTL_ENABLE_DEBUG_INFO = INCLUDE_SOURCE;
				MTL_FAST_MATH = YES;
				ONLY_ACTIVE_ARCH = YES;
				SDKROOT = iphoneos;
				SWIFT_ACTIVE_COMPILATION_CONDITIONS = DEBUG;
				SWIFT_OPTIMIZATION_LEVEL = "-Onone";
			};
			name = Debug;
		};
		FF9A7CA0236B504B0078BEE6 /* Release */ = {
			isa = XCBuildConfiguration;
			buildSettings = {
				ALWAYS_SEARCH_USER_PATHS = NO;
				CLANG_ANALYZER_NONNULL = YES;
				CLANG_ANALYZER_NUMBER_OBJECT_CONVERSION = YES_AGGRESSIVE;
				CLANG_CXX_LANGUAGE_STANDARD = "gnu++14";
				CLANG_CXX_LIBRARY = "libc++";
				CLANG_ENABLE_MODULES = YES;
				CLANG_ENABLE_OBJC_ARC = YES;
				CLANG_ENABLE_OBJC_WEAK = YES;
				CLANG_WARN_BLOCK_CAPTURE_AUTORELEASING = YES;
				CLANG_WARN_BOOL_CONVERSION = YES;
				CLANG_WARN_COMMA = YES;
				CLANG_WARN_CONSTANT_CONVERSION = YES;
				CLANG_WARN_DEPRECATED_OBJC_IMPLEMENTATIONS = YES;
				CLANG_WARN_DIRECT_OBJC_ISA_USAGE = YES_ERROR;
				CLANG_WARN_DOCUMENTATION_COMMENTS = YES;
				CLANG_WARN_EMPTY_BODY = YES;
				CLANG_WARN_ENUM_CONVERSION = YES;
				CLANG_WARN_INFINITE_RECURSION = YES;
				CLANG_WARN_INT_CONVERSION = YES;
				CLANG_WARN_NON_LITERAL_NULL_CONVERSION = YES;
				CLANG_WARN_OBJC_IMPLICIT_RETAIN_SELF = YES;
				CLANG_WARN_OBJC_LITERAL_CONVERSION = YES;
				CLANG_WARN_OBJC_ROOT_CLASS = YES_ERROR;
				CLANG_WARN_RANGE_LOOP_ANALYSIS = YES;
				CLANG_WARN_STRICT_PROTOTYPES = YES;
				CLANG_WARN_SUSPICIOUS_MOVE = YES;
				CLANG_WARN_UNGUARDED_AVAILABILITY = YES_AGGRESSIVE;
				CLANG_WARN_UNREACHABLE_CODE = YES;
				CLANG_WARN__DUPLICATE_METHOD_MATCH = YES;
				COPY_PHASE_STRIP = NO;
				DEBUG_INFORMATION_FORMAT = "dwarf-with-dsym";
				ENABLE_NS_ASSERTIONS = NO;
				ENABLE_STRICT_OBJC_MSGSEND = YES;
				GCC_C_LANGUAGE_STANDARD = gnu11;
				GCC_NO_COMMON_BLOCKS = YES;
				GCC_WARN_64_TO_32_BIT_CONVERSION = YES;
				GCC_WARN_ABOUT_RETURN_TYPE = YES_ERROR;
				GCC_WARN_UNDECLARED_SELECTOR = YES;
				GCC_WARN_UNINITIALIZED_AUTOS = YES_AGGRESSIVE;
				GCC_WARN_UNUSED_FUNCTION = YES;
				GCC_WARN_UNUSED_VARIABLE = YES;
				IPHONEOS_DEPLOYMENT_TARGET = 13.1;
				MTL_ENABLE_DEBUG_INFO = NO;
				MTL_FAST_MATH = YES;
				SDKROOT = iphoneos;
				SWIFT_COMPILATION_MODE = wholemodule;
				SWIFT_OPTIMIZATION_LEVEL = "-O";
				VALIDATE_PRODUCT = YES;
			};
			name = Release;
		};
		FF9A7CA2236B504B0078BEE6 /* Debug */ = {
			isa = XCBuildConfiguration;
			buildSettings = {
				ASSETCATALOG_COMPILER_APPICON_NAME = AppIcon;
				CODE_SIGN_STYLE = Automatic;
				DEVELOPMENT_ASSET_PATHS = "\"MusicX/Preview Content\"";
				DEVELOPMENT_TEAM = 2R9D8RVTAY;
				ENABLE_PREVIEWS = YES;
				INFOPLIST_FILE = MusicX/Info.plist;
				IPHONEOS_DEPLOYMENT_TARGET = 13.0;
				LD_RUNPATH_SEARCH_PATHS = (
					"$(inherited)",
					"@executable_path/Frameworks",
				);
				PRODUCT_BUNDLE_IDENTIFIER = com.atheer.MusicX;
				PRODUCT_NAME = "$(TARGET_NAME)";
				SWIFT_VERSION = 5.0;
				TARGETED_DEVICE_FAMILY = "1,2";
			};
			name = Debug;
		};
		FF9A7CA3236B504B0078BEE6 /* Release */ = {
			isa = XCBuildConfiguration;
			buildSettings = {
				ASSETCATALOG_COMPILER_APPICON_NAME = AppIcon;
				CODE_SIGN_STYLE = Automatic;
				DEVELOPMENT_ASSET_PATHS = "\"MusicX/Preview Content\"";
				DEVELOPMENT_TEAM = 2R9D8RVTAY;
				ENABLE_PREVIEWS = YES;
				INFOPLIST_FILE = MusicX/Info.plist;
				IPHONEOS_DEPLOYMENT_TARGET = 13.0;
				LD_RUNPATH_SEARCH_PATHS = (
					"$(inherited)",
					"@executable_path/Frameworks",
				);
				PRODUCT_BUNDLE_IDENTIFIER = com.atheer.MusicX;
				PRODUCT_NAME = "$(TARGET_NAME)";
				SWIFT_VERSION = 5.0;
				TARGETED_DEVICE_FAMILY = "1,2";
			};
			name = Release;
		};
/* End XCBuildConfiguration section */

/* Begin XCConfigurationList section */
		FF9A7C85236B50450078BEE6 /* Build configuration list for PBXProject "MusicX" */ = {
			isa = XCConfigurationList;
			buildConfigurations = (
				FF9A7C9F236B504B0078BEE6 /* Debug */,
				FF9A7CA0236B504B0078BEE6 /* Release */,
			);
			defaultConfigurationIsVisible = 0;
			defaultConfigurationName = Release;
		};
		FF9A7CA1236B504B0078BEE6 /* Build configuration list for PBXNativeTarget "MusicX" */ = {
			isa = XCConfigurationList;
			buildConfigurations = (
				FF9A7CA2236B504B0078BEE6 /* Debug */,
				FF9A7CA3236B504B0078BEE6 /* Release */,
			);
			defaultConfigurationIsVisible = 0;
			defaultConfigurationName = Release;
		};
/* End XCConfigurationList section */

/* Begin XCRemoteSwiftPackageReference section */
		FF1A8C0823AE5A2C0012CD08 /* XCRemoteSwiftPackageReference "SwiftSoup" */ = {
			isa = XCRemoteSwiftPackageReference;
			repositoryURL = "https://github.com/scinfu/SwiftSoup";
			requirement = {
				kind = upToNextMajorVersion;
				minimumVersion = 2.3.0;
			};
		};
/* End XCRemoteSwiftPackageReference section */

/* Begin XCSwiftPackageProductDependency section */
		FF1A8C0923AE5A2D0012CD08 /* SwiftSoup */ = {
			isa = XCSwiftPackageProductDependency;
			package = FF1A8C0823AE5A2C0012CD08 /* XCRemoteSwiftPackageReference "SwiftSoup" */;
			productName = SwiftSoup;
		};
/* End XCSwiftPackageProductDependency section */

/* Begin XCVersionGroup section */
		FF9A7C91236B50450078BEE6 /* MusicX.xcdatamodeld */ = {
			isa = XCVersionGroup;
			children = (
				FF9A7C92236B50450078BEE6 /* MusicX.xcdatamodel */,
			);
			currentVersion = FF9A7C92236B50450078BEE6 /* MusicX.xcdatamodel */;
			path = MusicX.xcdatamodeld;
			sourceTree = "<group>";
			versionGroupType = wrapper.xcdatamodel;
		};
/* End XCVersionGroup section */
	};
	rootObject = FF9A7C82236B50450078BEE6 /* Project object */;
}
